
Microsoft Visual Studio Solution File, Format Version 12.00
# Visual Studio Version 17
VisualStudioVersion = 17.0.31903.59
MinimumVisualStudioVersion = 10.0.40219.1
Project("{FAE04EC0-301F-11D3-BF4B-00C04F79EFBC}") = "VehicleTracker.Domain", "VehicleTracker.Domain\VehicleTracker.Domain.csproj", "{3AB8C2E9-3819-4986-A137-44EA205AE07B}"
EndProject
Project("{FAE04EC0-301F-11D3-BF4B-00C04F79EFBC}") = "VehicleTracker.Application", "VehicleTracker.Application\VehicleTracker.Application.csproj", "{60F3EF6C-3E1B-4D7E-978E-CE37A1483419}"
EndProject
Project("{FAE04EC0-301F-11D3-BF4B-00C04F79EFBC}") = "VehicleTracker.Infrastructure", "VehicleTracker.Infrastructure\VehicleTracker.Infrastructure.csproj", "{BBF2A258-CC78-4925-B031-CA5DCE21FFA2}"
EndProject
Project("{FAE04EC0-301F-11D3-BF4B-00C04F79EFBC}") = "VehicleTracker.API", "VehicleTracker.API\VehicleTracker.API.csproj", "{1D3F7454-3327-482E-A1E8-4B77049CE24F}"
EndProject
Project("{2150E333-8FDC-42A3-9474-1A3956D46DE8}") = "Itens de Solução", "Itens de Solução", "{380A7511-A354-6D7A-0CC0-8FA1F1BA7B6C}"
	ProjectSection(SolutionItems) = preProject
		docker-compose.yml = docker-compose.yml
	EndProjectSection
EndProject
Global
	GlobalSection(SolutionConfigurationPlatforms) = preSolution
		Debug|Any CPU = Debug|Any CPU
		Debug|x64 = Debug|x64
		Debug|x86 = Debug|x86
		Release|Any CPU = Release|Any CPU
		Release|x64 = Release|x64
		Release|x86 = Release|x86
	EndGlobalSection
	GlobalSection(ProjectConfigurationPlatforms) = postSolution
		{3AB8C2E9-3819-4986-A137-44EA205AE07B}.Debug|Any CPU.ActiveCfg = Debug|Any CPU
		{3AB8C2E9-3819-4986-A137-44EA205AE07B}.Debug|Any CPU.Build.0 = Debug|Any CPU
		{3AB8C2E9-3819-4986-A137-44EA205AE07B}.Debug|x64.ActiveCfg = Debug|Any CPU
		{3AB8C2E9-3819-4986-A137-44EA205AE07B}.Debug|x64.Build.0 = Debug|Any CPU
		{3AB8C2E9-3819-4986-A137-44EA205AE07B}.Debug|x86.ActiveCfg = Debug|Any CPU
		{3AB8C2E9-3819-4986-A137-44EA205AE07B}.Debug|x86.Build.0 = Debug|Any CPU
		{3AB8C2E9-3819-4986-A137-44EA205AE07B}.Release|Any CPU.ActiveCfg = Release|Any CPU
		{3AB8C2E9-3819-4986-A137-44EA205AE07B}.Release|Any CPU.Build.0 = Release|Any CPU
		{3AB8C2E9-3819-4986-A137-44EA205AE07B}.Release|x64.ActiveCfg = Release|Any CPU
		{3AB8C2E9-3819-4986-A137-44EA205AE07B}.Release|x64.Build.0 = Release|Any CPU
		{3AB8C2E9-3819-4986-A137-44EA205AE07B}.Release|x86.ActiveCfg = Release|Any CPU
		{3AB8C2E9-3819-4986-A137-44EA205AE07B}.Release|x86.Build.0 = Release|Any CPU
		{60F3EF6C-3E1B-4D7E-978E-CE37A1483419}.Debug|Any CPU.ActiveCfg = Debug|Any CPU
		{60F3EF6C-3E1B-4D7E-978E-CE37A1483419}.Debug|Any CPU.Build.0 = Debug|Any CPU
		{60F3EF6C-3E1B-4D7E-978E-CE37A1483419}.Debug|x64.ActiveCfg = Debug|Any CPU
		{60F3EF6C-3E1B-4D7E-978E-CE37A1483419}.Debug|x64.Build.0 = Debug|Any CPU
		{60F3EF6C-3E1B-4D7E-978E-CE37A1483419}.Debug|x86.ActiveCfg = Debug|Any CPU
		{60F3EF6C-3E1B-4D7E-978E-CE37A1483419}.Debug|x86.Build.0 = Debug|Any CPU
		{60F3EF6C-3E1B-4D7E-978E-CE37A1483419}.Release|Any CPU.ActiveCfg = Release|Any CPU
		{60F3EF6C-3E1B-4D7E-978E-CE37A1483419}.Release|Any CPU.Build.0 = Release|Any CPU
		{60F3EF6C-3E1B-4D7E-978E-CE37A1483419}.Release|x64.ActiveCfg = Release|Any CPU
		{60F3EF6C-3E1B-4D7E-978E-CE37A1483419}.Release|x64.Build.0 = Release|Any CPU
		{60F3EF6C-3E1B-4D7E-978E-CE37A1483419}.Release|x86.ActiveCfg = Release|Any CPU
		{60F3EF6C-3E1B-4D7E-978E-CE37A1483419}.Release|x86.Build.0 = Release|Any CPU
		{BBF2A258-CC78-4925-B031-CA5DCE21FFA2}.Debug|Any CPU.ActiveCfg = Debug|Any CPU
		{BBF2A258-CC78-4925-B031-CA5DCE21FFA2}.Debug|Any CPU.Build.0 = Debug|Any CPU
		{BBF2A258-CC78-4925-B031-CA5DCE21FFA2}.Debug|x64.ActiveCfg = Debug|Any CPU
		{BBF2A258-CC78-4925-B031-CA5DCE21FFA2}.Debug|x64.Build.0 = Debug|Any CPU
		{BBF2A258-CC78-4925-B031-CA5DCE21FFA2}.Debug|x86.ActiveCfg = Debug|Any CPU
		{BBF2A258-CC78-4925-B031-CA5DCE21FFA2}.Debug|x86.Build.0 = Debug|Any CPU
		{BBF2A258-CC78-4925-B031-CA5DCE21FFA2}.Release|Any CPU.ActiveCfg = Release|Any CPU
		{BBF2A258-CC78-4925-B031-CA5DCE21FFA2}.Release|Any CPU.Build.0 = Release|Any CPU
		{BBF2A258-CC78-4925-B031-CA5DCE21FFA2}.Release|x64.ActiveCfg = Release|Any CPU
		{BBF2A258-CC78-4925-B031-CA5DCE21FFA2}.Release|x64.Build.0 = Release|Any CPU
		{BBF2A258-CC78-4925-B031-CA5DCE21FFA2}.Release|x86.ActiveCfg = Release|Any CPU
		{BBF2A258-CC78-4925-B031-CA5DCE21FFA2}.Release|x86.Build.0 = Release|Any CPU
		{1D3F7454-3327-482E-A1E8-4B77049CE24F}.Debug|Any CPU.ActiveCfg = Debug|Any CPU
		{1D3F7454-3327-482E-A1E8-4B77049CE24F}.Debug|Any CPU.Build.0 = Debug|Any CPU
		{1D3F7454-3327-482E-A1E8-4B77049CE24F}.Debug|x64.ActiveCfg = Debug|Any CPU
		{1D3F7454-3327-482E-A1E8-4B77049CE24F}.Debug|x64.Build.0 = Debug|Any CPU
		{1D3F7454-3327-482E-A1E8-4B77049CE24F}.Debug|x86.ActiveCfg = Debug|Any CPU
		{1D3F7454-3327-482E-A1E8-4B77049CE24F}.Debug|x86.Build.0 = Debug|Any CPU
		{1D3F7454-3327-482E-A1E8-4B77049CE24F}.Release|Any CPU.ActiveCfg = Release|Any CPU
		{1D3F7454-3327-482E-A1E8-4B77049CE24F}.Release|Any CPU.Build.0 = Release|Any CPU
		{1D3F7454-3327-482E-A1E8-4B77049CE24F}.Release|x64.ActiveCfg = Release|Any CPU
		{1D3F7454-3327-482E-A1E8-4B77049CE24F}.Release|x64.Build.0 = Release|Any CPU
		{1D3F7454-3327-482E-A1E8-4B77049CE24F}.Release|x86.ActiveCfg = Release|Any CPU
		{1D3F7454-3327-482E-A1E8-4B77049CE24F}.Release|x86.Build.0 = Release|Any CPU
	EndGlobalSection
	GlobalSection(SolutionProperties) = preSolution
		HideSolutionNode = FALSE
	EndGlobalSection
	GlobalSection(ExtensibilityGlobals) = postSolution
		SolutionGuid = {F4F8FAFC-259F-4BAC-AFFD-C68AE9F77003}
	EndGlobalSection
EndGlobal
